PODS:
  - BugfenderSDK (1.9.2)
  - Flutter (1.0.0)
  - flutter_bugfender (1.3.1):
    - BugfenderSDK (~> 1.9.2)
    - Flutter

DEPENDENCIES:
  - Flutter (from `.symlinks/flutter/ios`)
  - flutter_bugfender (from `.symlinks/plugins/flutter_bugfender/ios`)

SPEC REPOS:
  trunk:
    - BugfenderSDK

EXTERNAL SOURCES:
  Flutter:
    :path: ".symlinks/flutter/ios"
  flutter_bugfender:
    :path: ".symlinks/plugins/flutter_bugfender/ios"

SPEC CHECKSUMS:
  BugfenderSDK: 31042f345e838dbe2b7e98ee543efaafc1c7ad58
  Flutter: 0e3d915762c693b495b44d77113d4970485de6ec
  flutter_bugfender: 3ed3a3e752d1c21ff2e0abe39b2af3101fb47549

PODFILE CHECKSUM: b02606947baaf3e07fcd71cb6f0c6149fcdf6bf2

COCOAPODS: 1.10.0.beta.2
